
Microsoft Visual Studio Solution File, Format Version 12.00
# Visual Studio Version 17
VisualStudioVersion = 17.8.34511.84
MinimumVisualStudioVersion = 10.0.40219.1
Project("{FAE04EC0-301F-11D3-BF4B-00C04F79EFBC}") = "JwtAuthenticationDemo", "JwtAuthenticationDemo\JwtAuthenticationDemo.csproj", "{B82276F1-0283-47EB-AB72-8175A1485576}"
EndProject
Global
	GlobalSection(SolutionConfigurationPlatforms) = preSolution
		Debug|Any CPU = Debug|Any CPU
		Release|Any CPU = Release|Any CPU
	EndGlobalSection
	GlobalSection(ProjectConfigurationPlatforms) = postSolution
		{B82276F1-0283-47EB-AB72-8175A1485576}.Debug|Any CPU.ActiveCfg = Debug|Any CPU
		{B82276F1-0283-47EB-AB72-8175A1485576}.Debug|Any CPU.Build.0 = Debug|Any CPU
		{B82276F1-0283-47EB-AB72-8175A1485576}.Release|Any CPU.ActiveCfg = Release|Any CPU
		{B82276F1-0283-47EB-AB72-8175A1485576}.Release|Any CPU.Build.0 = Release|Any CPU
	EndGlobalSection
	GlobalSection(SolutionProperties) = preSolution
		HideSolutionNode = FALSE
	EndGlobalSection
	GlobalSection(ExtensibilityGlobals) = postSolution
		SolutionGuid = {1020F5C5-134B-4A88-97CC-ACAE1E9D93C2}
	EndGlobalSection
EndGlobal
